
Microsoft Visual Studio Solution File, Format Version 12.00
Project("{FAE04EC0-301F-11D3-BF4B-00C04F79EFBC}") = "kidway-uml-class-diagram", "kidway-uml-class-diagram.csproj", "{C29C017A-8032-43EF-81B6-6BF41F9AAC17}"
EndProject
Global
	GlobalSection(SolutionConfigurationPlatforms) = preSolution
		Debug|Any CPU = Debug|Any CPU
		Release|Any CPU = Release|Any CPU
	EndGlobalSection
	GlobalSection(ProjectConfigurationPlatforms) = postSolution
		{C29C017A-8032-43EF-81B6-6BF41F9AAC17}.Debug|Any CPU.ActiveCfg = Debug|Any CPU
		{C29C017A-8032-43EF-81B6-6BF41F9AAC17}.Debug|Any CPU.Build.0 = Debug|Any CPU
		{C29C017A-8032-43EF-81B6-6BF41F9AAC17}.Release|Any CPU.ActiveCfg = Release|Any CPU
		{C29C017A-8032-43EF-81B6-6BF41F9AAC17}.Release|Any CPU.Build.0 = Release|Any CPU
	EndGlobalSection
EndGlobal
